// !$*UTF8*$!
{
	archiveVersion = 1;
	classes = {
	};
	objectVersion = 60;
	objects = {

/* Begin PBXBuildFile section */
		A99CFCB12C5CC3C800527CB8 /* AppDelegate.swift in Sources */ = {isa = PBXBuildFile; fileRef = A99CFCB02C5CC3C800527CB8 /* AppDelegate.swift */; };
		A99CFCB52C5CC3C900527CB8 /* ViewController.swift in Sources */ = {isa = PBXBuildFile; fileRef = A99CFCB42C5CC3C800527CB8 /* ViewController.swift */; };
		A99CFCBA2C5CC3C900527CB8 /* Assets.xcassets in Resources */ = {isa = PBXBuildFile; fileRef = A99CFCB92C5CC3C900527CB8 /* Assets.xcassets */; };
		A99CFCBD2C5CC3C900527CB8 /* Base in Resources */ = {isa = PBXBuildFile; fileRef = A99CFCBC2C5CC3C900527CB8 /* Base */; };
		A99CFCC62C5CC55A00527CB8 /* Core.framework in Frameworks */ = {isa = PBXBuildFile; fileRef = A99CFCC52C5CC55A00527CB8 /* Core.framework */; };
		A99CFCC72C5CC55A00527CB8 /* Core.framework in Embed Frameworks */ = {isa = PBXBuildFile; fileRef = A99CFCC52C5CC55A00527CB8 /* Core.framework */; settings = {ATTRIBUTES = (CodeSignOnCopy, RemoveHeadersOnCopy, ); }; };
		A99CFCE62C5D8A9900527CB8 /* ViewModelSupport in Frameworks */ = {isa = PBXBuildFile; productRef = A99CFCE52C5D8A9900527CB8 /* ViewModelSupport */; };
		A99CFCEA2C6492C900527CB8 /* AmplitudeViewModelReporter.swift in Sources */ = {isa = PBXBuildFile; fileRef = A99CFCE92C6492C900527CB8 /* AmplitudeViewModelReporter.swift */; };
		A99CFCEC2C66922E00527CB8 /* UICollectionView+Flow.swift in Sources */ = {isa = PBXBuildFile; fileRef = A99CFCEB2C66922E00527CB8 /* UICollectionView+Flow.swift */; };
		A99CFCEE2C66C42000527CB8 /* CoreNavigableViewController.swift in Sources */ = {isa = PBXBuildFile; fileRef = A99CFCED2C66C42000527CB8 /* CoreNavigableViewController.swift */; };
/* End PBXBuildFile section */

/* Begin PBXCopyFilesBuildPhase section */
		A99CFCC82C5CC55A00527CB8 /* Embed Frameworks */ = {
			isa = PBXCopyFilesBuildPhase;
			buildActionMask = 2147483647;
			dstPath = "";
			dstSubfolderSpec = 10;
			files = (
				A99CFCC72C5CC55A00527CB8 /* Core.framework in Embed Frameworks */,
			);
			name = "Embed Frameworks";
			runOnlyForDeploymentPostprocessing = 0;
		};
/* End PBXCopyFilesBuildPhase section */

/* Begin PBXFileReference section */
		A99CFCAD2C5CC3C800527CB8 /* app.app */ = {isa = PBXFileReference; explicitFileType = wrapper.application; includeInIndex = 0; path = app.app; sourceTree = BUILT_PRODUCTS_DIR; };
		A99CFCB02C5CC3C800527CB8 /* AppDelegate.swift */ = {isa = PBXFileReference; lastKnownFileType = sourcecode.swift; path = AppDelegate.swift; sourceTree = "<group>"; };
		A99CFCB42C5CC3C800527CB8 /* ViewController.swift */ = {isa = PBXFileReference; lastKnownFileType = sourcecode.swift; path = ViewController.swift; sourceTree = "<group>"; };
		A99CFCB92C5CC3C900527CB8 /* Assets.xcassets */ = {isa = PBXFileReference; lastKnownFileType = folder.assetcatalog; path = Assets.xcassets; sourceTree = "<group>"; };
		A99CFCBC2C5CC3C900527CB8 /* Base */ = {isa = PBXFileReference; lastKnownFileType = file.storyboard; name = Base; path = Base.lproj/LaunchScreen.storyboard; sourceTree = "<group>"; };
		A99CFCBE2C5CC3C900527CB8 /* Info.plist */ = {isa = PBXFileReference; lastKnownFileType = text.plist.xml; path = Info.plist; sourceTree = "<group>"; };
		A99CFCC52C5CC55A00527CB8 /* Core.framework */ = {isa = PBXFileReference; lastKnownFileType = wrapper.framework; name = Core.framework; path = ../../core/build/bin/iosSimulatorArm64/debugFramework/Core.framework; sourceTree = "<group>"; };
		A99CFCE92C6492C900527CB8 /* AmplitudeViewModelReporter.swift */ = {isa = PBXFileReference; lastKnownFileType = sourcecode.swift; path = AmplitudeViewModelReporter.swift; sourceTree = "<group>"; };
		A99CFCEB2C66922E00527CB8 /* UICollectionView+Flow.swift */ = {isa = PBXFileReference; lastKnownFileType = sourcecode.swift; path = "UICollectionView+Flow.swift"; sourceTree = "<group>"; };
		A99CFCED2C66C42000527CB8 /* CoreNavigableViewController.swift */ = {isa = PBXFileReference; lastKnownFileType = sourcecode.swift; path = CoreNavigableViewController.swift; sourceTree = "<group>"; };
/* End PBXFileReference section */

/* Begin PBXFrameworksBuildPhase section */
		A99CFCAA2C5CC3C800527CB8 /* Frameworks */ = {
			isa = PBXFrameworksBuildPhase;
			buildActionMask = 2147483647;
			files = (
				A99CFCC62C5CC55A00527CB8 /* Core.framework in Frameworks */,
				A99CFCE62C5D8A9900527CB8 /* ViewModelSupport in Frameworks */,
			);
			runOnlyForDeploymentPostprocessing = 0;
		};
/* End PBXFrameworksBuildPhase section */

/* Begin PBXGroup section */
		A99CFCA42C5CC3C800527CB8 = {
			isa = PBXGroup;
			children = (
				A99CFCAF2C5CC3C800527CB8 /* app */,
				A99CFCAE2C5CC3C800527CB8 /* Products */,
				A99CFCC42C5CC55A00527CB8 /* Frameworks */,
			);
			sourceTree = "<group>";
		};
		A99CFCAE2C5CC3C800527CB8 /* Products */ = {
			isa = PBXGroup;
			children = (
				A99CFCAD2C5CC3C800527CB8 /* app.app */,
			);
			name = Products;
			sourceTree = "<group>";
		};
		A99CFCAF2C5CC3C800527CB8 /* app */ = {
			isa = PBXGroup;
			children = (
				A99CFCB02C5CC3C800527CB8 /* AppDelegate.swift */,
				A99CFCB42C5CC3C800527CB8 /* ViewController.swift */,
				A99CFCB92C5CC3C900527CB8 /* Assets.xcassets */,
				A99CFCBB2C5CC3C900527CB8 /* LaunchScreen.storyboard */,
				A99CFCBE2C5CC3C900527CB8 /* Info.plist */,
				A99CFCE92C6492C900527CB8 /* AmplitudeViewModelReporter.swift */,
				A99CFCEB2C66922E00527CB8 /* UICollectionView+Flow.swift */,
				A99CFCED2C66C42000527CB8 /* CoreNavigableViewController.swift */,
			);
			path = app;
			sourceTree = "<group>";
		};
		A99CFCC42C5CC55A00527CB8 /* Frameworks */ = {
			isa = PBXGroup;
			children = (
				A99CFCC52C5CC55A00527CB8 /* Core.framework */,
			);
			name = Frameworks;
			sourceTree = "<group>";
		};
/* End PBXGroup section */

/* Begin PBXNativeTarget section */
		A99CFCAC2C5CC3C800527CB8 /* app */ = {
			isa = PBXNativeTarget;
			buildConfigurationList = A99CFCC12C5CC3C900527CB8 /* Build configuration list for PBXNativeTarget "app" */;
			buildPhases = (
				A99CFCA92C5CC3C800527CB8 /* Sources */,
				A99CFCAA2C5CC3C800527CB8 /* Frameworks */,
				A99CFCAB2C5CC3C800527CB8 /* Resources */,
				A99CFCC82C5CC55A00527CB8 /* Embed Frameworks */,
			);
			buildRules = (
			);
			dependencies = (
			);
			name = app;
			packageProductDependencies = (
				A99CFCE52C5D8A9900527CB8 /* ViewModelSupport */,
			);
			productName = app;
			productReference = A99CFCAD2C5CC3C800527CB8 /* app.app */;
			productType = "com.apple.product-type.application";
		};
/* End PBXNativeTarget section */

/* Begin PBXProject section */
		A99CFCA52C5CC3C800527CB8 /* Project object */ = {
			isa = PBXProject;
			attributes = {
				BuildIndependentTargetsInParallel = 1;
				LastSwiftUpdateCheck = 1530;
				LastUpgradeCheck = 1530;
				TargetAttributes = {
					A99CFCAC2C5CC3C800527CB8 = {
						CreatedOnToolsVersion = 15.3;
					};
				};
			};
			buildConfigurationList = A99CFCA82C5CC3C800527CB8 /* Build configuration list for PBXProject "app" */;
			compatibilityVersion = "Xcode 14.0";
			developmentRegion = en;
			hasScannedForEncodings = 0;
			knownRegions = (
				en,
				Base,
			);
			mainGroup = A99CFCA42C5CC3C800527CB8;
			packageReferences = (
				A99CFCE42C5D8A9900527CB8 /* XCLocalSwiftPackageReference "../../../swiftpackage" */,
			);
			productRefGroup = A99CFCAE2C5CC3C800527CB8 /* Products */;
			projectDirPath = "";
			projectRoot = "";
			targets = (
				A99CFCAC2C5CC3C800527CB8 /* app */,
			);
		};
/* End PBXProject section */

/* Begin PBXResourcesBuildPhase section */
		A99CFCAB2C5CC3C800527CB8 /* Resources */ = {
			isa = PBXResourcesBuildPhase;
			buildActionMask = 2147483647;
			files = (
				A99CFCBA2C5CC3C900527CB8 /* Assets.xcassets in Resources */,
				A99CFCBD2C5CC3C900527CB8 /* Base in Resources */,
			);
			runOnlyForDeploymentPostprocessing = 0;
		};
/* End PBXResourcesBuildPhase section */

/* Begin PBXSourcesBuildPhase section */
		A99CFCA92C5CC3C800527CB8 /* Sources */ = {
			isa = PBXSourcesBuildPhase;
			buildActionMask = 2147483647;
			files = (
				A99CFCB52C5CC3C900527CB8 /* ViewController.swift in Sources */,
				A99CFCEE2C66C42000527CB8 /* CoreNavigableViewController.swift in Sources */,
				A99CFCEA2C6492C900527CB8 /* AmplitudeViewModelReporter.swift in Sources */,
				A99CFCEC2C66922E00527CB8 /* UICollectionView+Flow.swift in Sources */,
				A99CFCB12C5CC3C800527CB8 /* AppDelegate.swift in Sources */,
			);
			runOnlyForDeploymentPostprocessing = 0;
		};
/* End PBXSourcesBuildPhase section */

/* Begin PBXVariantGroup section */
		A99CFCBB2C5CC3C900527CB8 /* LaunchScreen.storyboard */ = {
			isa = PBXVariantGroup;
			children = (
				A99CFCBC2C5CC3C900527CB8 /* Base */,
			);
			name = LaunchScreen.storyboard;
			sourceTree = "<group>";
		};
/* End PBXVariantGroup section */

/* Begin XCBuildConfiguration section */
		A99CFCBF2C5CC3C900527CB8 /* Debug */ = {
			isa = XCBuildConfiguration;
			buildSettings = {
				ALWAYS_SEARCH_USER_PATHS = NO;
				ASSETCATALOG_COMPILER_GENERATE_SWIFT_ASSET_SYMBOL_EXTENSIONS = YES;
				CLANG_ANALYZER_NONNULL = YES;
				CLANG_ANALYZER_NUMBER_OBJECT_CONVERSION = YES_AGGRESSIVE;
				CLANG_CXX_LANGUAGE_STANDARD = "gnu++20";
				CLANG_ENABLE_MODULES = YES;
				CLANG_ENABLE_OBJC_ARC = YES;
				CLANG_ENABLE_OBJC_WEAK = YES;
				CLANG_WARN_BLOCK_CAPTURE_AUTORELEASING = YES;
				CLANG_WARN_BOOL_CONVERSION = YES;
				CLANG_WARN_COMMA = YES;
				CLANG_WARN_CONSTANT_CONVERSION = YES;
				CLANG_WARN_DEPRECATED_OBJC_IMPLEMENTATIONS = YES;
				CLANG_WARN_DIRECT_OBJC_ISA_USAGE = YES_ERROR;
				CLANG_WARN_DOCUMENTATION_COMMENTS = YES;
				CLANG_WARN_EMPTY_BODY = YES;
				CLANG_WARN_ENUM_CONVERSION = YES;
				CLANG_WARN_INFINITE_RECURSION = YES;
				CLANG_WARN_INT_CONVERSION = YES;
				CLANG_WARN_NON_LITERAL_NULL_CONVERSION = YES;
				CLANG_WARN_OBJC_IMPLICIT_RETAIN_SELF = YES;
				CLANG_WARN_OBJC_LITERAL_CONVERSION = YES;
				CLANG_WARN_OBJC_ROOT_CLASS = YES_ERROR;
				CLANG_WARN_QUOTED_INCLUDE_IN_FRAMEWORK_HEADER = YES;
				CLANG_WARN_RANGE_LOOP_ANALYSIS = YES;
				CLANG_WARN_STRICT_PROTOTYPES = YES;
				CLANG_WARN_SUSPICIOUS_MOVE = YES;
				CLANG_WARN_UNGUARDED_AVAILABILITY = YES_AGGRESSIVE;
				CLANG_WARN_UNREACHABLE_CODE = YES;
				CLANG_WARN__DUPLICATE_METHOD_MATCH = YES;
				COPY_PHASE_STRIP = NO;
				DEBUG_INFORMATION_FORMAT = dwarf;
				ENABLE_STRICT_OBJC_MSGSEND = YES;
				ENABLE_TESTABILITY = YES;
				ENABLE_TESTING_SEARCH_PATHS = NO;
				ENABLE_USER_SCRIPT_SANDBOXING = YES;
				GCC_C_LANGUAGE_STANDARD = gnu17;
				GCC_DYNAMIC_NO_PIC = NO;
				GCC_NO_COMMON_BLOCKS = YES;
				GCC_OPTIMIZATION_LEVEL = 0;
				GCC_PREPROCESSOR_DEFINITIONS = (
					"DEBUG=1",
					"$(inherited)",
				);
				GCC_WARN_64_TO_32_BIT_CONVERSION = YES;
				GCC_WARN_ABOUT_RETURN_TYPE = YES_ERROR;
				GCC_WARN_UNDECLARED_SELECTOR = YES;
				GCC_WARN_UNINITIALIZED_AUTOS = YES_AGGRESSIVE;
				GCC_WARN_UNUSED_FUNCTION = YES;
				GCC_WARN_UNUSED_VARIABLE = YES;
				IPHONEOS_DEPLOYMENT_TARGET = 17.4;
				LOCALIZATION_PREFERS_STRING_CATALOGS = YES;
				MTL_ENABLE_DEBUG_INFO = INCLUDE_SOURCE;
				MTL_FAST_MATH = YES;
				ONLY_ACTIVE_ARCH = YES;
				SDKROOT = iphoneos;
				SWIFT_ACTIVE_COMPILATION_CONDITIONS = "DEBUG $(inherited)";
				SWIFT_OPTIMIZATION_LEVEL = "-Onone";
			};
			name = Debug;
		};
		A99CFCC02C5CC3C900527CB8 /* Release */ = {
			isa = XCBuildConfiguration;
			buildSettings = {
				ALWAYS_SEARCH_USER_PATHS = NO;
				ASSETCATALOG_COMPILER_GENERATE_SWIFT_ASSET_SYMBOL_EXTENSIONS = YES;
				CLANG_ANALYZER_NONNULL = YES;
				CLANG_ANALYZER_NUMBER_OBJECT_CONVERSION = YES_AGGRESSIVE;
				CLANG_CXX_LANGUAGE_STANDARD = "gnu++20";
				CLANG_ENABLE_MODULES = YES;
				CLANG_ENABLE_OBJC_ARC = YES;
				CLANG_ENABLE_OBJC_WEAK = YES;
				CLANG_WARN_BLOCK_CAPTURE_AUTORELEASING = YES;
				CLANG_WARN_BOOL_CONVERSION = YES;
				CLANG_WARN_COMMA = YES;
				CLANG_WARN_CONSTANT_CONVERSION = YES;
				CLANG_WARN_DEPRECATED_OBJC_IMPLEMENTATIONS = YES;
				CLANG_WARN_DIRECT_OBJC_ISA_USAGE = YES_ERROR;
				CLANG_WARN_DOCUMENTATION_COMMENTS = YES;
				CLANG_WARN_EMPTY_BODY = YES;
				CLANG_WARN_ENUM_CONVERSION = YES;
				CLANG_WARN_INFINITE_RECURSION = YES;
				CLANG_WARN_INT_CONVERSION = YES;
				CLANG_WARN_NON_LITERAL_NULL_CONVERSION = YES;
				CLANG_WARN_OBJC_IMPLICIT_RETAIN_SELF = YES;
				CLANG_WARN_OBJC_LITERAL_CONVERSION = YES;
				CLANG_WARN_OBJC_ROOT_CLASS = YES_ERROR;
				CLANG_WARN_QUOTED_INCLUDE_IN_FRAMEWORK_HEADER = YES;
				CLANG_WARN_RANGE_LOOP_ANALYSIS = YES;
				CLANG_WARN_STRICT_PROTOTYPES = YES;
				CLANG_WARN_SUSPICIOUS_MOVE = YES;
				CLANG_WARN_UNGUARDED_AVAILABILITY = YES_AGGRESSIVE;
				CLANG_WARN_UNREACHABLE_CODE = YES;
				CLANG_WARN__DUPLICATE_METHOD_MATCH = YES;
				COPY_PHASE_STRIP = NO;
				DEBUG_INFORMATION_FORMAT = "dwarf-with-dsym";
				ENABLE_NS_ASSERTIONS = NO;
				ENABLE_STRICT_OBJC_MSGSEND = YES;
				ENABLE_TESTING_SEARCH_PATHS = NO;
				ENABLE_USER_SCRIPT_SANDBOXING = YES;
				GCC_C_LANGUAGE_STANDARD = gnu17;
				GCC_NO_COMMON_BLOCKS = YES;
				GCC_WARN_64_TO_32_BIT_CONVERSION = YES;
				GCC_WARN_ABOUT_RETURN_TYPE = YES_ERROR;
				GCC_WARN_UNDECLARED_SELECTOR = YES;
				GCC_WARN_UNINITIALIZED_AUTOS = YES_AGGRESSIVE;
				GCC_WARN_UNUSED_FUNCTION = YES;
				GCC_WARN_UNUSED_VARIABLE = YES;
				IPHONEOS_DEPLOYMENT_TARGET = 17.4;
				LOCALIZATION_PREFERS_STRING_CATALOGS = YES;
				MTL_ENABLE_DEBUG_INFO = NO;
				MTL_FAST_MATH = YES;
				SDKROOT = iphoneos;
				SWIFT_COMPILATION_MODE = wholemodule;
				VALIDATE_PRODUCT = YES;
			};
			name = Release;
		};
		A99CFCC22C5CC3C900527CB8 /* Debug */ = {
			isa = XCBuildConfiguration;
			buildSettings = {
				ASSETCATALOG_COMPILER_APPICON_NAME = AppIcon;
				ASSETCATALOG_COMPILER_GLOBAL_ACCENT_COLOR_NAME = AccentColor;
				CODE_SIGN_STYLE = Automatic;
				CURRENT_PROJECT_VERSION = 1;
				DEVELOPMENT_TEAM = W7843MNFQV;
				FRAMEWORK_SEARCH_PATHS = "$(SRCROOT)/../../core/build/bin/iosSimulatorArm64/debugFramework";
				GENERATE_INFOPLIST_FILE = YES;
				INFOPLIST_FILE = app/Info.plist;
				INFOPLIST_KEY_UIApplicationSupportsIndirectInputEvents = YES;
				INFOPLIST_KEY_UILaunchStoryboardName = LaunchScreen;
				INFOPLIST_KEY_UISupportedInterfaceOrientations_iPad = "UIInterfaceOrientationPortrait UIInterfaceOrientationPortraitUpsideDown UIInterfaceOrientationLandscapeLeft UIInterfaceOrientationLandscapeRight";
				INFOPLIST_KEY_UISupportedInterfaceOrientations_iPhone = "UIInterfaceOrientationPortrait UIInterfaceOrientationLandscapeLeft UIInterfaceOrientationLandscapeRight";
				IPHONEOS_DEPLOYMENT_TARGET = 15.0;
				LD_RUNPATH_SEARCH_PATHS = (
					"$(inherited)",
					"@executable_path/Frameworks",
				);
				MARKETING_VERSION = 1.0;
				PRODUCT_BUNDLE_IDENTIFIER = com.latenighthack.app;
				PRODUCT_NAME = "$(TARGET_NAME)";
				SWIFT_EMIT_LOC_STRINGS = YES;
				SWIFT_VERSION = 5.0;
				TARGETED_DEVICE_FAMILY = "1,2";
			};
			name = Debug;
		};
		A99CFCC32C5CC3C900527CB8 /* Release */ = {
			isa = XCBuildConfiguration;
			buildSettings = {
				ASSETCATALOG_COMPILER_APPICON_NAME = AppIcon;
				ASSETCATALOG_COMPILER_GLOBAL_ACCENT_COLOR_NAME = AccentColor;
				CODE_SIGN_STYLE = Automatic;
				CURRENT_PROJECT_VERSION = 1;
				DEVELOPMENT_TEAM = W7843MNFQV;
				FRAMEWORK_SEARCH_PATHS = "$(SRCROOT)/../../core/build/bin/iosSimulatorArm64/debugFramework";
				GENERATE_INFOPLIST_FILE = YES;
				INFOPLIST_FILE = app/Info.plist;
				INFOPLIST_KEY_UIApplicationSupportsIndirectInputEvents = YES;
				INFOPLIST_KEY_UILaunchStoryboardName = LaunchScreen;
				INFOPLIST_KEY_UISupportedInterfaceOrientations_iPad = "UIInterfaceOrientationPortrait UIInterfaceOrientationPortraitUpsideDown UIInterfaceOrientationLandscapeLeft UIInterfaceOrientationLandscapeRight";
				INFOPLIST_KEY_UISupportedInterfaceOrientations_iPhone = "UIInterfaceOrientationPortrait UIInterfaceOrientationLandscapeLeft UIInterfaceOrientationLandscapeRight";
				IPHONEOS_DEPLOYMENT_TARGET = 15.0;
				LD_RUNPATH_SEARCH_PATHS = (
					"$(inherited)",
					"@executable_path/Frameworks",
				);
				MARKETING_VERSION = 1.0;
				PRODUCT_BUNDLE_IDENTIFIER = com.latenighthack.app;
				PRODUCT_NAME = "$(TARGET_NAME)";
				SWIFT_EMIT_LOC_STRINGS = YES;
				SWIFT_VERSION = 5.0;
				TARGETED_DEVICE_FAMILY = "1,2";
			};
			name = Release;
		};
/* End XCBuildConfiguration section */

/* Begin XCConfigurationList section */
		A99CFCA82C5CC3C800527CB8 /* Build configuration list for PBXProject "app" */ = {
			isa = XCConfigurationList;
			buildConfigurations = (
				A99CFCBF2C5CC3C900527CB8 /* Debug */,
				A99CFCC02C5CC3C900527CB8 /* Release */,
			);
			defaultConfigurationIsVisible = 0;
			defaultConfigurationName = Release;
		};
		A99CFCC12C5CC3C900527CB8 /* Build configuration list for PBXNativeTarget "app" */ = {
			isa = XCConfigurationList;
			buildConfigurations = (
				A99CFCC22C5CC3C900527CB8 /* Debug */,
				A99CFCC32C5CC3C900527CB8 /* Release */,
			);
			defaultConfigurationIsVisible = 0;
			defaultConfigurationName = Release;
		};
/* End XCConfigurationList section */

/* Begin XCLocalSwiftPackageReference section */
		A99CFCE42C5D8A9900527CB8 /* XCLocalSwiftPackageReference "../../../swiftpackage" */ = {
			isa = XCLocalSwiftPackageReference;
			relativePath = ../../../swiftpackage;
		};
/* End XCLocalSwiftPackageReference section */

/* Begin XCSwiftPackageProductDependency section */
		A99CFCE52C5D8A9900527CB8 /* ViewModelSupport */ = {
			isa = XCSwiftPackageProductDependency;
			productName = ViewModelSupport;
		};
/* End XCSwiftPackageProductDependency section */
	};
	rootObject = A99CFCA52C5CC3C800527CB8 /* Project object */;
}
